
Microsoft Visual Studio Solution File, Format Version 12.00
# Visual Studio Version 16
VisualStudioVersion = 16.0.30406.217
MinimumVisualStudioVersion = 10.0.40219.1
Project("{FAE04EC0-301F-11D3-BF4B-00C04F79EFBC}") = "DataAccess", "DataAccess\DataAccess.csproj", "{959336DA-B24C-498C-8644-495C56D405D5}"
EndProject
Project("{FAE04EC0-301F-11D3-BF4B-00C04F79EFBC}") = "Business", "Business\Business.csproj", "{D5CC556C-3A79-4F19-B3D7-30BC4499FF2C}"
EndProject
Project("{FAE04EC0-301F-11D3-BF4B-00C04F79EFBC}") = "Entities", "Entities\Entities.csproj", "{81F3DE6F-D2B0-4A19-A0D1-F0685E447DD1}"
EndProject
Project("{FAE04EC0-301F-11D3-BF4B-00C04F79EFBC}") = "WindowsFormsUI", "WindowsFormsUI\WindowsFormsUI.csproj", "{A55FF88B-17E2-4B3A-A17B-F06420E8C71F}"
EndProject
Project("{FAE04EC0-301F-11D3-BF4B-00C04F79EFBC}") = "Core", "Core\Core.csproj", "{F4A4EDAB-1CB1-4199-98E5-6DE05E596A6C}"
EndProject
Global
	GlobalSection(SolutionConfigurationPlatforms) = preSolution
		Debug|Any CPU = Debug|Any CPU
		Release|Any CPU = Release|Any CPU
	EndGlobalSection
	GlobalSection(ProjectConfigurationPlatforms) = postSolution
		{959336DA-B24C-498C-8644-495C56D405D5}.Debug|Any CPU.ActiveCfg = Debug|Any CPU
		{959336DA-B24C-498C-8644-495C56D405D5}.Debug|Any CPU.Build.0 = Debug|Any CPU
		{959336DA-B24C-498C-8644-495C56D405D5}.Release|Any CPU.ActiveCfg = Release|Any CPU
		{959336DA-B24C-498C-8644-495C56D405D5}.Release|Any CPU.Build.0 = Release|Any CPU
		{D5CC556C-3A79-4F19-B3D7-30BC4499FF2C}.Debug|Any CPU.ActiveCfg = Debug|Any CPU
		{D5CC556C-3A79-4F19-B3D7-30BC4499FF2C}.Debug|Any CPU.Build.0 = Debug|Any CPU
		{D5CC556C-3A79-4F19-B3D7-30BC4499FF2C}.Release|Any CPU.ActiveCfg = Release|Any CPU
		{D5CC556C-3A79-4F19-B3D7-30BC4499FF2C}.Release|Any CPU.Build.0 = Release|Any CPU
		{81F3DE6F-D2B0-4A19-A0D1-F0685E447DD1}.Debug|Any CPU.ActiveCfg = Debug|Any CPU
		{81F3DE6F-D2B0-4A19-A0D1-F0685E447DD1}.Debug|Any CPU.Build.0 = Debug|Any CPU
		{81F3DE6F-D2B0-4A19-A0D1-F0685E447DD1}.Release|Any CPU.ActiveCfg = Release|Any CPU
		{81F3DE6F-D2B0-4A19-A0D1-F0685E447DD1}.Release|Any CPU.Build.0 = Release|Any CPU
		{A55FF88B-17E2-4B3A-A17B-F06420E8C71F}.Debug|Any CPU.ActiveCfg = Debug|Any CPU
		{A55FF88B-17E2-4B3A-A17B-F06420E8C71F}.Debug|Any CPU.Build.0 = Debug|Any CPU
		{A55FF88B-17E2-4B3A-A17B-F06420E8C71F}.Release|Any CPU.ActiveCfg = Release|Any CPU
		{A55FF88B-17E2-4B3A-A17B-F06420E8C71F}.Release|Any CPU.Build.0 = Release|Any CPU
		{F4A4EDAB-1CB1-4199-98E5-6DE05E596A6C}.Debug|Any CPU.ActiveCfg = Debug|Any CPU
		{F4A4EDAB-1CB1-4199-98E5-6DE05E596A6C}.Debug|Any CPU.Build.0 = Debug|Any CPU
		{F4A4EDAB-1CB1-4199-98E5-6DE05E596A6C}.Release|Any CPU.ActiveCfg = Release|Any CPU
		{F4A4EDAB-1CB1-4199-98E5-6DE05E596A6C}.Release|Any CPU.Build.0 = Release|Any CPU
	EndGlobalSection
	GlobalSection(SolutionProperties) = preSolution
		HideSolutionNode = FALSE
	EndGlobalSection
	GlobalSection(ExtensibilityGlobals) = postSolution
		SolutionGuid = {E8A3A158-ABEB-4AE2-A131-82FF6AFC8959}
	EndGlobalSection
EndGlobal
